// !$*UTF8*$!
{
	archiveVersion = 1;
	classes = {
	};
	objectVersion = 50;
	objects = {

/* Begin PBXBuildFile section */
		7ABE10DBB9A55E0B2F7BFB37 /* Pods_FaceDiary_FaceDiaryUITests.framework in Frameworks */ = {isa = PBXBuildFile; fileRef = 8789197C170CB47A174F3F41 /* Pods_FaceDiary_FaceDiaryUITests.framework */; };
		9C4555DC6979B94677191F37 /* Pods_FaceDiary.framework in Frameworks */ = {isa = PBXBuildFile; fileRef = 1B00E9365426A077BCF8AFB2 /* Pods_FaceDiary.framework */; };
		D20C45C02778116E00086FB4 /* SampleJson.swift in Sources */ = {isa = PBXBuildFile; fileRef = D20C45BF2778116E00086FB4 /* SampleJson.swift */; };
		D2133E40276F6AD5001E351C /* TimelineCell.swift in Sources */ = {isa = PBXBuildFile; fileRef = D2133E3F276F6AD5001E351C /* TimelineCell.swift */; };
		D21FDA7C274484E300A9E845 /* LoginViewController.swift in Sources */ = {isa = PBXBuildFile; fileRef = D21FDA7B274484E300A9E845 /* LoginViewController.swift */; };
		D21FDA8A2744851700A9E845 /* SignUpViewController.swift in Sources */ = {isa = PBXBuildFile; fileRef = D21FDA892744851700A9E845 /* SignUpViewController.swift */; };
		D21FDA982744854000A9E845 /* ResetPasswordViewController.swift in Sources */ = {isa = PBXBuildFile; fileRef = D21FDA972744854000A9E845 /* ResetPasswordViewController.swift */; };
		D21FDAB72744868700A9E845 /* InputTextField.swift in Sources */ = {isa = PBXBuildFile; fileRef = D21FDAB62744868700A9E845 /* InputTextField.swift */; };
		D21FDABC2744871700A9E845 /* CustomButton.swift in Sources */ = {isa = PBXBuildFile; fileRef = D21FDABB2744871700A9E845 /* CustomButton.swift */; };
		D231A1452742A631002A19B9 /* AppDelegate.swift in Sources */ = {isa = PBXBuildFile; fileRef = D231A1442742A631002A19B9 /* AppDelegate.swift */; };
		D231A14E2742A634002A19B9 /* Assets.xcassets in Resources */ = {isa = PBXBuildFile; fileRef = D231A14D2742A634002A19B9 /* Assets.xcassets */; };
		D231A15C2742A635002A19B9 /* FaceDiaryTests.swift in Sources */ = {isa = PBXBuildFile; fileRef = D231A15B2742A635002A19B9 /* FaceDiaryTests.swift */; };
		D231A1672742A635002A19B9 /* FaceDiaryUITests.swift in Sources */ = {isa = PBXBuildFile; fileRef = D231A1662742A635002A19B9 /* FaceDiaryUITests.swift */; };
		D231A1832742A80A002A19B9 /* TopViewController.swift in Sources */ = {isa = PBXBuildFile; fileRef = D231A1822742A80A002A19B9 /* TopViewController.swift */; };
		D231A1962742A9E8002A19B9 /* BaseViewController.swift in Sources */ = {isa = PBXBuildFile; fileRef = D231A1952742A9E8002A19B9 /* BaseViewController.swift */; };
		D231A1A22742AB3C002A19B9 /* HomeViewController.swift in Sources */ = {isa = PBXBuildFile; fileRef = D231A1A12742AB3C002A19B9 /* HomeViewController.swift */; };
		D244535D275A345000743E4B /* CalendarCell.swift in Sources */ = {isa = PBXBuildFile; fileRef = D244535C275A345000743E4B /* CalendarCell.swift */; };
		D24B678D277F524500B40465 /* ProgressBar.swift in Sources */ = {isa = PBXBuildFile; fileRef = D24B678C277F524500B40465 /* ProgressBar.swift */; };
		D25B5EE3274E7A3400931F3B /* FeelingTypeEnum.swift in Sources */ = {isa = PBXBuildFile; fileRef = D25B5EE2274E7A3400931F3B /* FeelingTypeEnum.swift */; };
		D2671DC227785749006B628D /* DialogView.swift in Sources */ = {isa = PBXBuildFile; fileRef = D2671DC127785749006B628D /* DialogView.swift */; };
		D2671DC72779F52C006B628D /* ButtonTapped.swift in Sources */ = {isa = PBXBuildFile; fileRef = D2671DC62779F52C006B628D /* ButtonTapped.swift */; };
		D267A0102746732100454D8C /* TextTypeEnum.swift in Sources */ = {isa = PBXBuildFile; fileRef = D267A00F2746732100454D8C /* TextTypeEnum.swift */; };
		D26A41A82743680C00C77A5A /* ColorConst.swift in Sources */ = {isa = PBXBuildFile; fileRef = D26A41A72743680B00C77A5A /* ColorConst.swift */; };
		D26A41AD274368CA00C77A5A /* FontSizeConst.swift in Sources */ = {isa = PBXBuildFile; fileRef = D26A41AC274368CA00C77A5A /* FontSizeConst.swift */; };
		D26A41B22743696A00C77A5A /* TextConst.swift in Sources */ = {isa = PBXBuildFile; fileRef = D26A41B12743696A00C77A5A /* TextConst.swift */; };
		D26A41B727436A1400C77A5A /* SizeConst.swift in Sources */ = {isa = PBXBuildFile; fileRef = D26A41B627436A1400C77A5A /* SizeConst.swift */; };
		D26A41C027437AEA00C77A5A /* RegisterViewController.swift in Sources */ = {isa = PBXBuildFile; fileRef = D26A41BF27437AEA00C77A5A /* RegisterViewController.swift */; };
		D26C280E2775F56200FAF60A /* AlbumCelll.swift in Sources */ = {isa = PBXBuildFile; fileRef = D26C280D2775F56200FAF60A /* AlbumCelll.swift */; };
		D279399F27490C23000F817E /* ClickTypeEnum.swift in Sources */ = {isa = PBXBuildFile; fileRef = D279399E27490C23000F817E /* ClickTypeEnum.swift */; };
		D2C62EB5277C2CA500A2AE67 /* Extenstions.swift in Sources */ = {isa = PBXBuildFile; fileRef = D2C62EB4277C2CA500A2AE67 /* Extenstions.swift */; };
		D2C62EBB277F4D6E00A2AE67 /* DetailViewController.swift in Sources */ = {isa = PBXBuildFile; fileRef = D2C62EBA277F4D6E00A2AE67 /* DetailViewController.swift */; };
		D2C88F02275B5A6300D462F6 /* YoubiEnum.swift in Sources */ = {isa = PBXBuildFile; fileRef = D2C88F01275B5A6300D462F6 /* YoubiEnum.swift */; };
		D2D7F2E0274BE07400EE35D8 /* SelectFeelingViewController.swift in Sources */ = {isa = PBXBuildFile; fileRef = D2D7F2DF274BE07400EE35D8 /* SelectFeelingViewController.swift */; };
		D2D7F2EC274BE18500EE35D8 /* TimelineViewController.swift in Sources */ = {isa = PBXBuildFile; fileRef = D2D7F2EB274BE18500EE35D8 /* TimelineViewController.swift */; };
		D2D7F2F1274BE19200EE35D8 /* AlbumViewController.swift in Sources */ = {isa = PBXBuildFile; fileRef = D2D7F2F0274BE19200EE35D8 /* AlbumViewController.swift */; };
		D2D7F305274BE49900EE35D8 /* CalendarViewController.swift in Sources */ = {isa = PBXBuildFile; fileRef = D2D7F304274BE49900EE35D8 /* CalendarViewController.swift */; };
		D2FF8921274C8EF5002FC991 /* ContentTypeEnum.swift in Sources */ = {isa = PBXBuildFile; fileRef = D2FF8920274C8EF5002FC991 /* ContentTypeEnum.swift */; };
		D2FF8931274C94D2002FC991 /* DateManager.swift in Sources */ = {isa = PBXBuildFile; fileRef = D2FF8930274C94D2002FC991 /* DateManager.swift */; };
		EB6EE8D1DC05599E8A4E796E /* Pods_FaceDiaryTests.framework in Frameworks */ = {isa = PBXBuildFile; fileRef = FF270E9C0B379028E8FFC590 /* Pods_FaceDiaryTests.framework */; };
/* End PBXBuildFile section */

/* Begin PBXContainerItemProxy section */
		D231A1582742A635002A19B9 /* PBXContainerItemProxy */ = {
			isa = PBXContainerItemProxy;
			containerPortal = D231A1392742A630002A19B9 /* Project object */;
			proxyType = 1;
			remoteGlobalIDString = D231A1402742A630002A19B9;
			remoteInfo = FaceDiary;
		};
		D231A1632742A635002A19B9 /* PBXContainerItemProxy */ = {
			isa = PBXContainerItemProxy;
			containerPortal = D231A1392742A630002A19B9 /* Project object */;
			proxyType = 1;
			remoteGlobalIDString = D231A1402742A630002A19B9;
			remoteInfo = FaceDiary;
		};
/* End PBXContainerItemProxy section */

/* Begin PBXFileReference section */
		0083152267135ED3A4A687CF /* Pods-FaceDiary.release.xcconfig */ = {isa = PBXFileReference; includeInIndex = 1; lastKnownFileType = text.xcconfig; name = "Pods-FaceDiary.release.xcconfig"; path = "Target Support Files/Pods-FaceDiary/Pods-FaceDiary.release.xcconfig"; sourceTree = "<group>"; };
		1B00E9365426A077BCF8AFB2 /* Pods_FaceDiary.framework */ = {isa = PBXFileReference; explicitFileType = wrapper.framework; includeInIndex = 0; path = Pods_FaceDiary.framework; sourceTree = BUILT_PRODUCTS_DIR; };
		4429224EC93E800E087E5113 /* Pods-FaceDiary-FaceDiaryUITests.release.xcconfig */ = {isa = PBXFileReference; includeInIndex = 1; lastKnownFileType = text.xcconfig; name = "Pods-FaceDiary-FaceDiaryUITests.release.xcconfig"; path = "Target Support Files/Pods-FaceDiary-FaceDiaryUITests/Pods-FaceDiary-FaceDiaryUITests.release.xcconfig"; sourceTree = "<group>"; };
		5A191257F03F82EC801ED496 /* Pods-FaceDiary.debug.xcconfig */ = {isa = PBXFileReference; includeInIndex = 1; lastKnownFileType = text.xcconfig; name = "Pods-FaceDiary.debug.xcconfig"; path = "Target Support Files/Pods-FaceDiary/Pods-FaceDiary.debug.xcconfig"; sourceTree = "<group>"; };
		68E0A402C6CCF004CCE0994C /* Pods-FaceDiaryTests.release.xcconfig */ = {isa = PBXFileReference; includeInIndex = 1; lastKnownFileType = text.xcconfig; name = "Pods-FaceDiaryTests.release.xcconfig"; path = "Target Support Files/Pods-FaceDiaryTests/Pods-FaceDiaryTests.release.xcconfig"; sourceTree = "<group>"; };
		7EF0AE521C732B6C0DE7A340 /* Pods-FaceDiary-FaceDiaryUITests.debug.xcconfig */ = {isa = PBXFileReference; includeInIndex = 1; lastKnownFileType = text.xcconfig; name = "Pods-FaceDiary-FaceDiaryUITests.debug.xcconfig"; path = "Target Support Files/Pods-FaceDiary-FaceDiaryUITests/Pods-FaceDiary-FaceDiaryUITests.debug.xcconfig"; sourceTree = "<group>"; };
		8789197C170CB47A174F3F41 /* Pods_FaceDiary_FaceDiaryUITests.framework */ = {isa = PBXFileReference; explicitFileType = wrapper.framework; includeInIndex = 0; path = Pods_FaceDiary_FaceDiaryUITests.framework; sourceTree = BUILT_PRODUCTS_DIR; };
		D20C45BF2778116E00086FB4 /* SampleJson.swift */ = {isa = PBXFileReference; lastKnownFileType = sourcecode.swift; path = SampleJson.swift; sourceTree = "<group>"; };
		D2133E3F276F6AD5001E351C /* TimelineCell.swift */ = {isa = PBXFileReference; lastKnownFileType = sourcecode.swift; path = TimelineCell.swift; sourceTree = "<group>"; };
		D21FDA7B274484E300A9E845 /* LoginViewController.swift */ = {isa = PBXFileReference; lastKnownFileType = sourcecode.swift; path = LoginViewController.swift; sourceTree = "<group>"; };
		D21FDA892744851700A9E845 /* SignUpViewController.swift */ = {isa = PBXFileReference; lastKnownFileType = sourcecode.swift; path = SignUpViewController.swift; sourceTree = "<group>"; };
		D21FDA972744854000A9E845 /* ResetPasswordViewController.swift */ = {isa = PBXFileReference; lastKnownFileType = sourcecode.swift; path = ResetPasswordViewController.swift; sourceTree = "<group>"; };
		D21FDAB62744868700A9E845 /* InputTextField.swift */ = {isa = PBXFileReference; lastKnownFileType = sourcecode.swift; path = InputTextField.swift; sourceTree = "<group>"; };
		D21FDABB2744871700A9E845 /* CustomButton.swift */ = {isa = PBXFileReference; lastKnownFileType = sourcecode.swift; path = CustomButton.swift; sourceTree = "<group>"; };
		D231A1412742A631002A19B9 /* FaceDiary.app */ = {isa = PBXFileReference; explicitFileType = wrapper.application; includeInIndex = 0; path = FaceDiary.app; sourceTree = BUILT_PRODUCTS_DIR; };
		D231A1442742A631002A19B9 /* AppDelegate.swift */ = {isa = PBXFileReference; lastKnownFileType = sourcecode.swift; path = AppDelegate.swift; sourceTree = "<group>"; };
		D231A14D2742A634002A19B9 /* Assets.xcassets */ = {isa = PBXFileReference; lastKnownFileType = folder.assetcatalog; path = Assets.xcassets; sourceTree = "<group>"; };
		D231A1522742A634002A19B9 /* Info.plist */ = {isa = PBXFileReference; lastKnownFileType = text.plist.xml; path = Info.plist; sourceTree = "<group>"; };
		D231A1572742A635002A19B9 /* FaceDiaryTests.xctest */ = {isa = PBXFileReference; explicitFileType = wrapper.cfbundle; includeInIndex = 0; path = FaceDiaryTests.xctest; sourceTree = BUILT_PRODUCTS_DIR; };
		D231A15B2742A635002A19B9 /* FaceDiaryTests.swift */ = {isa = PBXFileReference; lastKnownFileType = sourcecode.swift; path = FaceDiaryTests.swift; sourceTree = "<group>"; };
		D231A15D2742A635002A19B9 /* Info.plist */ = {isa = PBXFileReference; lastKnownFileType = text.plist.xml; path = Info.plist; sourceTree = "<group>"; };
		D231A1622742A635002A19B9 /* FaceDiaryUITests.xctest */ = {isa = PBXFileReference; explicitFileType = wrapper.cfbundle; includeInIndex = 0; path = FaceDiaryUITests.xctest; sourceTree = BUILT_PRODUCTS_DIR; };
		D231A1662742A635002A19B9 /* FaceDiaryUITests.swift */ = {isa = PBXFileReference; lastKnownFileType = sourcecode.swift; path = FaceDiaryUITests.swift; sourceTree = "<group>"; };
		D231A1682742A635002A19B9 /* Info.plist */ = {isa = PBXFileReference; lastKnownFileType = text.plist.xml; path = Info.plist; sourceTree = "<group>"; };
		D231A1822742A80A002A19B9 /* TopViewController.swift */ = {isa = PBXFileReference; lastKnownFileType = sourcecode.swift; path = TopViewController.swift; sourceTree = "<group>"; };
		D231A1952742A9E8002A19B9 /* BaseViewController.swift */ = {isa = PBXFileReference; lastKnownFileType = sourcecode.swift; path = BaseViewController.swift; sourceTree = "<group>"; };
		D231A1A12742AB3C002A19B9 /* HomeViewController.swift */ = {isa = PBXFileReference; lastKnownFileType = sourcecode.swift; path = HomeViewController.swift; sourceTree = "<group>"; };
		D244535C275A345000743E4B /* CalendarCell.swift */ = {isa = PBXFileReference; lastKnownFileType = sourcecode.swift; path = CalendarCell.swift; sourceTree = "<group>"; };
		D24B678C277F524500B40465 /* ProgressBar.swift */ = {isa = PBXFileReference; lastKnownFileType = sourcecode.swift; path = ProgressBar.swift; sourceTree = "<group>"; };
		D25B5EE2274E7A3400931F3B /* FeelingTypeEnum.swift */ = {isa = PBXFileReference; lastKnownFileType = sourcecode.swift; path = FeelingTypeEnum.swift; sourceTree = "<group>"; };
		D2671DC127785749006B628D /* DialogView.swift */ = {isa = PBXFileReference; lastKnownFileType = sourcecode.swift; path = DialogView.swift; sourceTree = "<group>"; };
		D2671DC62779F52C006B628D /* ButtonTapped.swift */ = {isa = PBXFileReference; lastKnownFileType = sourcecode.swift; path = ButtonTapped.swift; sourceTree = "<group>"; };
		D267A00F2746732100454D8C /* TextTypeEnum.swift */ = {isa = PBXFileReference; lastKnownFileType = sourcecode.swift; path = TextTypeEnum.swift; sourceTree = "<group>"; };
		D26A41A72743680B00C77A5A /* ColorConst.swift */ = {isa = PBXFileReference; lastKnownFileType = sourcecode.swift; path = ColorConst.swift; sourceTree = "<group>"; };
		D26A41AC274368CA00C77A5A /* FontSizeConst.swift */ = {isa = PBXFileReference; lastKnownFileType = sourcecode.swift; path = FontSizeConst.swift; sourceTree = "<group>"; };
		D26A41B12743696A00C77A5A /* TextConst.swift */ = {isa = PBXFileReference; lastKnownFileType = sourcecode.swift; path = TextConst.swift; sourceTree = "<group>"; };
		D26A41B627436A1400C77A5A /* SizeConst.swift */ = {isa = PBXFileReference; lastKnownFileType = sourcecode.swift; path = SizeConst.swift; sourceTree = "<group>"; };
		D26A41BF27437AEA00C77A5A /* RegisterViewController.swift */ = {isa = PBXFileReference; lastKnownFileType = sourcecode.swift; path = RegisterViewController.swift; sourceTree = "<group>"; };
		D26C280D2775F56200FAF60A /* AlbumCelll.swift */ = {isa = PBXFileReference; lastKnownFileType = sourcecode.swift; path = AlbumCelll.swift; sourceTree = "<group>"; };
		D279399E27490C23000F817E /* ClickTypeEnum.swift */ = {isa = PBXFileReference; lastKnownFileType = sourcecode.swift; path = ClickTypeEnum.swift; sourceTree = "<group>"; };
		D2C62EB4277C2CA500A2AE67 /* Extenstions.swift */ = {isa = PBXFileReference; lastKnownFileType = sourcecode.swift; path = Extenstions.swift; sourceTree = "<group>"; };
		D2C62EBA277F4D6E00A2AE67 /* DetailViewController.swift */ = {isa = PBXFileReference; lastKnownFileType = sourcecode.swift; path = DetailViewController.swift; sourceTree = "<group>"; };
		D2C88F01275B5A6300D462F6 /* YoubiEnum.swift */ = {isa = PBXFileReference; lastKnownFileType = sourcecode.swift; path = YoubiEnum.swift; sourceTree = "<group>"; };
		D2D7F2DF274BE07400EE35D8 /* SelectFeelingViewController.swift */ = {isa = PBXFileReference; lastKnownFileType = sourcecode.swift; path = SelectFeelingViewController.swift; sourceTree = "<group>"; };
		D2D7F2EB274BE18500EE35D8 /* TimelineViewController.swift */ = {isa = PBXFileReference; lastKnownFileType = sourcecode.swift; path = TimelineViewController.swift; sourceTree = "<group>"; };
		D2D7F2F0274BE19200EE35D8 /* AlbumViewController.swift */ = {isa = PBXFileReference; lastKnownFileType = sourcecode.swift; path = AlbumViewController.swift; sourceTree = "<group>"; };
		D2D7F304274BE49900EE35D8 /* CalendarViewController.swift */ = {isa = PBXFileReference; lastKnownFileType = sourcecode.swift; path = CalendarViewController.swift; sourceTree = "<group>"; };
		D2FF8920274C8EF5002FC991 /* ContentTypeEnum.swift */ = {isa = PBXFileReference; lastKnownFileType = sourcecode.swift; path = ContentTypeEnum.swift; sourceTree = "<group>"; };
		D2FF8930274C94D2002FC991 /* DateManager.swift */ = {isa = PBXFileReference; lastKnownFileType = sourcecode.swift; path = DateManager.swift; sourceTree = "<group>"; };
		E270BDB5985C0C6FA44F5183 /* Pods-FaceDiaryTests.debug.xcconfig */ = {isa = PBXFileReference; includeInIndex = 1; lastKnownFileType = text.xcconfig; name = "Pods-FaceDiaryTests.debug.xcconfig"; path = "Target Support Files/Pods-FaceDiaryTests/Pods-FaceDiaryTests.debug.xcconfig"; sourceTree = "<group>"; };
		FF270E9C0B379028E8FFC590 /* Pods_FaceDiaryTests.framework */ = {isa = PBXFileReference; explicitFileType = wrapper.framework; includeInIndex = 0; path = Pods_FaceDiaryTests.framework; sourceTree = BUILT_PRODUCTS_DIR; };
/* End PBXFileReference section */

/* Begin PBXFrameworksBuildPhase section */
		D231A13E2742A630002A19B9 /* Frameworks */ = {
			isa = PBXFrameworksBuildPhase;
			buildActionMask = 2147483647;
			files = (
				9C4555DC6979B94677191F37 /* Pods_FaceDiary.framework in Frameworks */,
			);
			runOnlyForDeploymentPostprocessing = 0;
		};
		D231A1542742A635002A19B9 /* Frameworks */ = {
			isa = PBXFrameworksBuildPhase;
			buildActionMask = 2147483647;
			files = (
				EB6EE8D1DC05599E8A4E796E /* Pods_FaceDiaryTests.framework in Frameworks */,
			);
			runOnlyForDeploymentPostprocessing = 0;
		};
		D231A15F2742A635002A19B9 /* Frameworks */ = {
			isa = PBXFrameworksBuildPhase;
			buildActionMask = 2147483647;
			files = (
				7ABE10DBB9A55E0B2F7BFB37 /* Pods_FaceDiary_FaceDiaryUITests.framework in Frameworks */,
			);
			runOnlyForDeploymentPostprocessing = 0;
		};
/* End PBXFrameworksBuildPhase section */

/* Begin PBXGroup section */
		088199A2D72A5868DC06A4CB /* Pods */ = {
			isa = PBXGroup;
			children = (
				5A191257F03F82EC801ED496 /* Pods-FaceDiary.debug.xcconfig */,
				0083152267135ED3A4A687CF /* Pods-FaceDiary.release.xcconfig */,
				7EF0AE521C732B6C0DE7A340 /* Pods-FaceDiary-FaceDiaryUITests.debug.xcconfig */,
				4429224EC93E800E087E5113 /* Pods-FaceDiary-FaceDiaryUITests.release.xcconfig */,
				E270BDB5985C0C6FA44F5183 /* Pods-FaceDiaryTests.debug.xcconfig */,
				68E0A402C6CCF004CCE0994C /* Pods-FaceDiaryTests.release.xcconfig */,
			);
			name = Pods;
			path = Pods;
			sourceTree = "<group>";
		};
		1D69B233E3E3563E4310767C /* Frameworks */ = {
			isa = PBXGroup;
			children = (
				1B00E9365426A077BCF8AFB2 /* Pods_FaceDiary.framework */,
				8789197C170CB47A174F3F41 /* Pods_FaceDiary_FaceDiaryUITests.framework */,
				FF270E9C0B379028E8FFC590 /* Pods_FaceDiaryTests.framework */,
			);
			name = Frameworks;
			sourceTree = "<group>";
		};
		D20C45BE2778116100086FB4 /* Samples */ = {
			isa = PBXGroup;
			children = (
				D20C45BF2778116E00086FB4 /* SampleJson.swift */,
			);
			path = Samples;
			sourceTree = "<group>";
		};
		D21FDA7A274484C900A9E845 /* G0020 */ = {
			isa = PBXGroup;
			children = (
				D21FDA7B274484E300A9E845 /* LoginViewController.swift */,
			);
			path = G0020;
			sourceTree = "<group>";
		};
		D21FDA88274484FD00A9E845 /* G0030 */ = {
			isa = PBXGroup;
			children = (
				D21FDA892744851700A9E845 /* SignUpViewController.swift */,
			);
			path = G0030;
			sourceTree = "<group>";
		};
		D21FDA962744852E00A9E845 /* G0040 */ = {
			isa = PBXGroup;
			children = (
				D21FDA972744854000A9E845 /* ResetPasswordViewController.swift */,
			);
			path = G0040;
			sourceTree = "<group>";
		};
		D22981DF274FE5FA00121A39 /* Model */ = {
			isa = PBXGroup;
			children = (
			);
			path = Model;
			sourceTree = "<group>";
		};
		D231A1382742A630002A19B9 = {
			isa = PBXGroup;
			children = (
				D231A1432742A631002A19B9 /* FaceDiary */,
				D231A15A2742A635002A19B9 /* FaceDiaryTests */,
				D231A1652742A635002A19B9 /* FaceDiaryUITests */,
				D231A1422742A631002A19B9 /* Products */,
				088199A2D72A5868DC06A4CB /* Pods */,
				1D69B233E3E3563E4310767C /* Frameworks */,
			);
			sourceTree = "<group>";
		};
		D231A1422742A631002A19B9 /* Products */ = {
			isa = PBXGroup;
			children = (
				D231A1412742A631002A19B9 /* FaceDiary.app */,
				D231A1572742A635002A19B9 /* FaceDiaryTests.xctest */,
				D231A1622742A635002A19B9 /* FaceDiaryUITests.xctest */,
			);
			name = Products;
			sourceTree = "<group>";
		};
		D231A1432742A631002A19B9 /* FaceDiary */ = {
			isa = PBXGroup;
			children = (
				D20C45BE2778116100086FB4 /* Samples */,
				D23993FC2777200900C3AC97 /* Extenstions */,
				D22981DF274FE5FA00121A39 /* Model */,
				D267A00E2746730F00454D8C /* Enums */,
				D26A41A6274367F500C77A5A /* Constants */,
				D231A1902742A82C002A19B9 /* Resouces */,
				D231A1812742A7E1002A19B9 /* Protocols */,
				D231A1802742A7D9002A19B9 /* Views */,
				D231A17F2742A7CE002A19B9 /* Utils */,
				D231A17E2742A7C3002A19B9 /* Services */,
				D231A17D2742A7B4002A19B9 /* Controllers */,
				D231A1442742A631002A19B9 /* AppDelegate.swift */,
				D231A1522742A634002A19B9 /* Info.plist */,
			);
			path = FaceDiary;
			sourceTree = "<group>";
		};
		D231A15A2742A635002A19B9 /* FaceDiaryTests */ = {
			isa = PBXGroup;
			children = (
				D231A15B2742A635002A19B9 /* FaceDiaryTests.swift */,
				D231A15D2742A635002A19B9 /* Info.plist */,
			);
			path = FaceDiaryTests;
			sourceTree = "<group>";
		};
		D231A1652742A635002A19B9 /* FaceDiaryUITests */ = {
			isa = PBXGroup;
			children = (
				D231A1662742A635002A19B9 /* FaceDiaryUITests.swift */,
				D231A1682742A635002A19B9 /* Info.plist */,
			);
			path = FaceDiaryUITests;
			sourceTree = "<group>";
		};
		D231A17D2742A7B4002A19B9 /* Controllers */ = {
			isa = PBXGroup;
			children = (
				D231A1942742A9D8002A19B9 /* Common */,
				D231A19A2742AA84002A19B9 /* G0010 */,
				D21FDA7A274484C900A9E845 /* G0020 */,
				D21FDA88274484FD00A9E845 /* G0030 */,
				D21FDA962744852E00A9E845 /* G0040 */,
				D26A41BE27437AB100C77A5A /* G0050 */,
				D2D7F2DE274BE05500EE35D8 /* G0060 */,
				D231A1A02742AB26002A19B9 /* G0070 */,
				D2D7F2E9274BE15D00EE35D8 /* G0080 */,
				D2D7F2EA274BE16A00EE35D8 /* G0090 */,
				D2D7F2F8274BE41300EE35D8 /* G0100 */,
				D2C62EB9277F4D0500A2AE67 /* G0110 */,
			);
			path = Controllers;
			sourceTree = "<group>";
		};
		D231A17E2742A7C3002A19B9 /* Services */ = {
			isa = PBXGroup;
			children = (
			);
			path = Services;
			sourceTree = "<group>";
		};
		D231A17F2742A7CE002A19B9 /* Utils */ = {
			isa = PBXGroup;
			children = (
				D2FF8930274C94D2002FC991 /* DateManager.swift */,
			);
			path = Utils;
			sourceTree = "<group>";
		};
		D231A1802742A7D9002A19B9 /* Views */ = {
			isa = PBXGroup;
			children = (
				D21FDAB62744868700A9E845 /* InputTextField.swift */,
				D21FDABB2744871700A9E845 /* CustomButton.swift */,
				D2671DC127785749006B628D /* DialogView.swift */,
				D24B678C277F524500B40465 /* ProgressBar.swift */,
			);
			path = Views;
			sourceTree = "<group>";
		};
		D231A1812742A7E1002A19B9 /* Protocols */ = {
			isa = PBXGroup;
			children = (
				D2671DC62779F52C006B628D /* ButtonTapped.swift */,
			);
			path = Protocols;
			sourceTree = "<group>";
		};
		D231A1902742A82C002A19B9 /* Resouces */ = {
			isa = PBXGroup;
			children = (
				D231A14D2742A634002A19B9 /* Assets.xcassets */,
			);
			path = Resouces;
			sourceTree = "<group>";
		};
		D231A1942742A9D8002A19B9 /* Common */ = {
			isa = PBXGroup;
			children = (
				D231A1952742A9E8002A19B9 /* BaseViewController.swift */,
			);
			path = Common;
			sourceTree = "<group>";
		};
		D231A19A2742AA84002A19B9 /* G0010 */ = {
			isa = PBXGroup;
			children = (
				D231A1822742A80A002A19B9 /* TopViewController.swift */,
			);
			path = G0010;
			sourceTree = "<group>";
		};
		D231A1A02742AB26002A19B9 /* G0070 */ = {
			isa = PBXGroup;
			children = (
				D231A1A12742AB3C002A19B9 /* HomeViewController.swift */,
			);
			path = G0070;
			sourceTree = "<group>";
		};
		D23993FC2777200900C3AC97 /* Extenstions */ = {
			isa = PBXGroup;
			children = (
				D2C62EB4277C2CA500A2AE67 /* Extenstions.swift */,
			);
			path = Extenstions;
			sourceTree = "<group>";
		};
		D267A00E2746730F00454D8C /* Enums */ = {
			isa = PBXGroup;
			children = (
				D25B5EE2274E7A3400931F3B /* FeelingTypeEnum.swift */,
				D267A00F2746732100454D8C /* TextTypeEnum.swift */,
				D279399E27490C23000F817E /* ClickTypeEnum.swift */,
				D2FF8920274C8EF5002FC991 /* ContentTypeEnum.swift */,
				D2C88F01275B5A6300D462F6 /* YoubiEnum.swift */,
			);
			path = Enums;
			sourceTree = "<group>";
		};
		D26A41A6274367F500C77A5A /* Constants */ = {
			isa = PBXGroup;
			children = (
				D26A41A72743680B00C77A5A /* ColorConst.swift */,
				D26A41AC274368CA00C77A5A /* FontSizeConst.swift */,
				D26A41B12743696A00C77A5A /* TextConst.swift */,
				D26A41B627436A1400C77A5A /* SizeConst.swift */,
			);
			path = Constants;
			sourceTree = "<group>";
		};
		D26A41BE27437AB100C77A5A /* G0050 */ = {
			isa = PBXGroup;
			children = (
				D26A41BF27437AEA00C77A5A /* RegisterViewController.swift */,
			);
			path = G0050;
			sourceTree = "<group>";
		};
		D2C62EB9277F4D0500A2AE67 /* G0110 */ = {
			isa = PBXGroup;
			children = (
				D2C62EBA277F4D6E00A2AE67 /* DetailViewController.swift */,
			);
			path = G0110;
			sourceTree = "<group>";
		};
		D2D7F2DE274BE05500EE35D8 /* G0060 */ = {
			isa = PBXGroup;
			children = (
				D2D7F2DF274BE07400EE35D8 /* SelectFeelingViewController.swift */,
			);
			path = G0060;
			sourceTree = "<group>";
		};
		D2D7F2E9274BE15D00EE35D8 /* G0080 */ = {
			isa = PBXGroup;
			children = (
				D2D7F2EB274BE18500EE35D8 /* TimelineViewController.swift */,
				D2133E3F276F6AD5001E351C /* TimelineCell.swift */,
			);
			path = G0080;
			sourceTree = "<group>";
		};
		D2D7F2EA274BE16A00EE35D8 /* G0090 */ = {
			isa = PBXGroup;
			children = (
				D2D7F2F0274BE19200EE35D8 /* AlbumViewController.swift */,
				D26C280D2775F56200FAF60A /* AlbumCelll.swift */,
			);
			path = G0090;
			sourceTree = "<group>";
		};
		D2D7F2F8274BE41300EE35D8 /* G0100 */ = {
			isa = PBXGroup;
			children = (
				D2D7F304274BE49900EE35D8 /* CalendarViewController.swift */,
				D244535C275A345000743E4B /* CalendarCell.swift */,
			);
			path = G0100;
			sourceTree = "<group>";
		};
/* End PBXGroup section */

/* Begin PBXNativeTarget section */
		D231A1402742A630002A19B9 /* FaceDiary */ = {
			isa = PBXNativeTarget;
			buildConfigurationList = D231A16B2742A635002A19B9 /* Build configuration list for PBXNativeTarget "FaceDiary" */;
			buildPhases = (
				39A01CC932CDFEB74BEE37F0 /* [CP] Check Pods Manifest.lock */,
				D231A13D2742A630002A19B9 /* Sources */,
				D231A13E2742A630002A19B9 /* Frameworks */,
				D231A13F2742A630002A19B9 /* Resources */,
				94843A50E42C1176DC7D9533 /* [CP] Embed Pods Frameworks */,
			);
			buildRules = (
			);
			dependencies = (
			);
			name = FaceDiary;
			productName = FaceDiary;
			productReference = D231A1412742A631002A19B9 /* FaceDiary.app */;
			productType = "com.apple.product-type.application";
		};
		D231A1562742A635002A19B9 /* FaceDiaryTests */ = {
			isa = PBXNativeTarget;
			buildConfigurationList = D231A16E2742A635002A19B9 /* Build configuration list for PBXNativeTarget "FaceDiaryTests" */;
			buildPhases = (
				3238A3253F156D7E32412714 /* [CP] Check Pods Manifest.lock */,
				D231A1532742A635002A19B9 /* Sources */,
				D231A1542742A635002A19B9 /* Frameworks */,
				D231A1552742A635002A19B9 /* Resources */,
			);
			buildRules = (
			);
			dependencies = (
				D231A1592742A635002A19B9 /* PBXTargetDependency */,
			);
			name = FaceDiaryTests;
			productName = FaceDiaryTests;
			productReference = D231A1572742A635002A19B9 /* FaceDiaryTests.xctest */;
			productType = "com.apple.product-type.bundle.unit-test";
		};
		D231A1612742A635002A19B9 /* FaceDiaryUITests */ = {
			isa = PBXNativeTarget;
			buildConfigurationList = D231A1712742A635002A19B9 /* Build configuration list for PBXNativeTarget "FaceDiaryUITests" */;
			buildPhases = (
				83D61ED5F424D317CA28DAD3 /* [CP] Check Pods Manifest.lock */,
				D231A15E2742A635002A19B9 /* Sources */,
				D231A15F2742A635002A19B9 /* Frameworks */,
				D231A1602742A635002A19B9 /* Resources */,
				2A5F44896DF091EC9C971A54 /* [CP] Embed Pods Frameworks */,
			);
			buildRules = (
			);
			dependencies = (
				D231A1642742A635002A19B9 /* PBXTargetDependency */,
			);
			name = FaceDiaryUITests;
			productName = FaceDiaryUITests;
			productReference = D231A1622742A635002A19B9 /* FaceDiaryUITests.xctest */;
			productType = "com.apple.product-type.bundle.ui-testing";
		};
/* End PBXNativeTarget section */

/* Begin PBXProject section */
		D231A1392742A630002A19B9 /* Project object */ = {
			isa = PBXProject;
			attributes = {
				LastSwiftUpdateCheck = 1240;
				LastUpgradeCheck = 1240;
				TargetAttributes = {
					D231A1402742A630002A19B9 = {
						CreatedOnToolsVersion = 12.4;
					};
					D231A1562742A635002A19B9 = {
						CreatedOnToolsVersion = 12.4;
						TestTargetID = D231A1402742A630002A19B9;
					};
					D231A1612742A635002A19B9 = {
						CreatedOnToolsVersion = 12.4;
						TestTargetID = D231A1402742A630002A19B9;
					};
				};
			};
			buildConfigurationList = D231A13C2742A630002A19B9 /* Build configuration list for PBXProject "FaceDiary" */;
			compatibilityVersion = "Xcode 9.3";
			developmentRegion = en;
			hasScannedForEncodings = 0;
			knownRegions = (
				en,
				Base,
			);
			mainGroup = D231A1382742A630002A19B9;
			productRefGroup = D231A1422742A631002A19B9 /* Products */;
			projectDirPath = "";
			projectRoot = "";
			targets = (
				D231A1402742A630002A19B9 /* FaceDiary */,
				D231A1562742A635002A19B9 /* FaceDiaryTests */,
				D231A1612742A635002A19B9 /* FaceDiaryUITests */,
			);
		};
/* End PBXProject section */

/* Begin PBXResourcesBuildPhase section */
		D231A13F2742A630002A19B9 /* Resources */ = {
			isa = PBXResourcesBuildPhase;
			buildActionMask = 2147483647;
			files = (
				D231A14E2742A634002A19B9 /* Assets.xcassets in Resources */,
			);
			runOnlyForDeploymentPostprocessing = 0;
		};
		D231A1552742A635002A19B9 /* Resources */ = {
			isa = PBXResourcesBuildPhase;
			buildActionMask = 2147483647;
			files = (
			);
			runOnlyForDeploymentPostprocessing = 0;
		};
		D231A1602742A635002A19B9 /* Resources */ = {
			isa = PBXResourcesBuildPhase;
			buildActionMask = 2147483647;
			files = (
			);
			runOnlyForDeploymentPostprocessing = 0;
		};
/* End PBXResourcesBuildPhase section */

/* Begin PBXShellScriptBuildPhase section */
		2A5F44896DF091EC9C971A54 /* [CP] Embed Pods Frameworks */ = {
			isa = PBXShellScriptBuildPhase;
			buildActionMask = 2147483647;
			files = (
			);
			inputFileListPaths = (
				"${PODS_ROOT}/Target Support Files/Pods-FaceDiary-FaceDiaryUITests/Pods-FaceDiary-FaceDiaryUITests-frameworks-${CONFIGURATION}-input-files.xcfilelist",
			);
			name = "[CP] Embed Pods Frameworks";
			outputFileListPaths = (
				"${PODS_ROOT}/Target Support Files/Pods-FaceDiary-FaceDiaryUITests/Pods-FaceDiary-FaceDiaryUITests-frameworks-${CONFIGURATION}-output-files.xcfilelist",
			);
			runOnlyForDeploymentPostprocessing = 0;
			shellPath = /bin/sh;
			shellScript = "\"${PODS_ROOT}/Target Support Files/Pods-FaceDiary-FaceDiaryUITests/Pods-FaceDiary-FaceDiaryUITests-frameworks.sh\"\n";
			showEnvVarsInLog = 0;
		};
		3238A3253F156D7E32412714 /* [CP] Check Pods Manifest.lock */ = {
			isa = PBXShellScriptBuildPhase;
			buildActionMask = 2147483647;
			files = (
			);
			inputFileListPaths = (
			);
			inputPaths = (
				"${PODS_PODFILE_DIR_PATH}/Podfile.lock",
				"${PODS_ROOT}/Manifest.lock",
			);
			name = "[CP] Check Pods Manifest.lock";
			outputFileListPaths = (
			);
			outputPaths = (
				"$(DERIVED_FILE_DIR)/Pods-FaceDiaryTests-checkManifestLockResult.txt",
			);
			runOnlyForDeploymentPostprocessing = 0;
			shellPath = /bin/sh;
			shellScript = "diff \"${PODS_PODFILE_DIR_PATH}/Podfile.lock\" \"${PODS_ROOT}/Manifest.lock\" > /dev/null\nif [ $? != 0 ] ; then\n    # print error to STDERR\n    echo \"error: The sandbox is not in sync with the Podfile.lock. Run 'pod install' or update your CocoaPods installation.\" >&2\n    exit 1\nfi\n# This output is used by Xcode 'outputs' to avoid re-running this script phase.\necho \"SUCCESS\" > \"${SCRIPT_OUTPUT_FILE_0}\"\n";
			showEnvVarsInLog = 0;
		};
		39A01CC932CDFEB74BEE37F0 /* [CP] Check Pods Manifest.lock */ = {
			isa = PBXShellScriptBuildPhase;
			buildActionMask = 2147483647;
			files = (
			);
			inputFileListPaths = (
			);
			inputPaths = (
				"${PODS_PODFILE_DIR_PATH}/Podfile.lock",
				"${PODS_ROOT}/Manifest.lock",
			);
			name = "[CP] Check Pods Manifest.lock";
			outputFileListPaths = (
			);
			outputPaths = (
				"$(DERIVED_FILE_DIR)/Pods-FaceDiary-checkManifestLockResult.txt",
			);
			runOnlyForDeploymentPostprocessing = 0;
			shellPath = /bin/sh;
			shellScript = "diff \"${PODS_PODFILE_DIR_PATH}/Podfile.lock\" \"${PODS_ROOT}/Manifest.lock\" > /dev/null\nif [ $? != 0 ] ; then\n    # print error to STDERR\n    echo \"error: The sandbox is not in sync with the Podfile.lock. Run 'pod install' or update your CocoaPods installation.\" >&2\n    exit 1\nfi\n# This output is used by Xcode 'outputs' to avoid re-running this script phase.\necho \"SUCCESS\" > \"${SCRIPT_OUTPUT_FILE_0}\"\n";
			showEnvVarsInLog = 0;
		};
		83D61ED5F424D317CA28DAD3 /* [CP] Check Pods Manifest.lock */ = {
			isa = PBXShellScriptBuildPhase;
			buildActionMask = 2147483647;
			files = (
			);
			inputFileListPaths = (
			);
			inputPaths = (
				"${PODS_PODFILE_DIR_PATH}/Podfile.lock",
				"${PODS_ROOT}/Manifest.lock",
			);
			name = "[CP] Check Pods Manifest.lock";
			outputFileListPaths = (
			);
			outputPaths = (
				"$(DERIVED_FILE_DIR)/Pods-FaceDiary-FaceDiaryUITests-checkManifestLockResult.txt",
			);
			runOnlyForDeploymentPostprocessing = 0;
			shellPath = /bin/sh;
			shellScript = "diff \"${PODS_PODFILE_DIR_PATH}/Podfile.lock\" \"${PODS_ROOT}/Manifest.lock\" > /dev/null\nif [ $? != 0 ] ; then\n    # print error to STDERR\n    echo \"error: The sandbox is not in sync with the Podfile.lock. Run 'pod install' or update your CocoaPods installation.\" >&2\n    exit 1\nfi\n# This output is used by Xcode 'outputs' to avoid re-running this script phase.\necho \"SUCCESS\" > \"${SCRIPT_OUTPUT_FILE_0}\"\n";
			showEnvVarsInLog = 0;
		};
		94843A50E42C1176DC7D9533 /* [CP] Embed Pods Frameworks */ = {
			isa = PBXShellScriptBuildPhase;
			buildActionMask = 2147483647;
			files = (
			);
			inputFileListPaths = (
				"${PODS_ROOT}/Target Support Files/Pods-FaceDiary/Pods-FaceDiary-frameworks-${CONFIGURATION}-input-files.xcfilelist",
			);
			name = "[CP] Embed Pods Frameworks";
			outputFileListPaths = (
				"${PODS_ROOT}/Target Support Files/Pods-FaceDiary/Pods-FaceDiary-frameworks-${CONFIGURATION}-output-files.xcfilelist",
			);
			runOnlyForDeploymentPostprocessing = 0;
			shellPath = /bin/sh;
			shellScript = "\"${PODS_ROOT}/Target Support Files/Pods-FaceDiary/Pods-FaceDiary-frameworks.sh\"\n";
			showEnvVarsInLog = 0;
		};
/* End PBXShellScriptBuildPhase section */

/* Begin PBXSourcesBuildPhase section */
		D231A13D2742A630002A19B9 /* Sources */ = {
			isa = PBXSourcesBuildPhase;
			buildActionMask = 2147483647;
			files = (
				D2C62EBB277F4D6E00A2AE67 /* DetailViewController.swift in Sources */,
				D26A41B22743696A00C77A5A /* TextConst.swift in Sources */,
				D2FF8931274C94D2002FC991 /* DateManager.swift in Sources */,
				D26A41C027437AEA00C77A5A /* RegisterViewController.swift in Sources */,
				D21FDA982744854000A9E845 /* ResetPasswordViewController.swift in Sources */,
				D2D7F2F1274BE19200EE35D8 /* AlbumViewController.swift in Sources */,
				D2FF8921274C8EF5002FC991 /* ContentTypeEnum.swift in Sources */,
				D21FDAB72744868700A9E845 /* InputTextField.swift in Sources */,
				D231A1A22742AB3C002A19B9 /* HomeViewController.swift in Sources */,
				D2671DC72779F52C006B628D /* ButtonTapped.swift in Sources */,
				D26A41B727436A1400C77A5A /* SizeConst.swift in Sources */,
				D21FDABC2744871700A9E845 /* CustomButton.swift in Sources */,
				D2C88F02275B5A6300D462F6 /* YoubiEnum.swift in Sources */,
				D231A1832742A80A002A19B9 /* TopViewController.swift in Sources */,
				D2D7F2EC274BE18500EE35D8 /* TimelineViewController.swift in Sources */,
				D20C45C02778116E00086FB4 /* SampleJson.swift in Sources */,
				D2D7F305274BE49900EE35D8 /* CalendarViewController.swift in Sources */,
				D2C62EB5277C2CA500A2AE67 /* Extenstions.swift in Sources */,
				D24B678D277F524500B40465 /* ProgressBar.swift in Sources */,
				D231A1452742A631002A19B9 /* AppDelegate.swift in Sources */,
				D267A0102746732100454D8C /* TextTypeEnum.swift in Sources */,
				D2D7F2E0274BE07400EE35D8 /* SelectFeelingViewController.swift in Sources */,
				D21FDA8A2744851700A9E845 /* SignUpViewController.swift in Sources */,
				D231A1962742A9E8002A19B9 /* BaseViewController.swift in Sources */,
				D26A41A82743680C00C77A5A /* ColorConst.swift in Sources */,
				D2671DC227785749006B628D /* DialogView.swift in Sources */,
				D26C280E2775F56200FAF60A /* AlbumCelll.swift in Sources */,
				D244535D275A345000743E4B /* CalendarCell.swift in Sources */,
				D21FDA7C274484E300A9E845 /* LoginViewController.swift in Sources */,
				D279399F27490C23000F817E /* ClickTypeEnum.swift in Sources */,
				D26A41AD274368CA00C77A5A /* FontSizeConst.swift in Sources */,
				D25B5EE3274E7A3400931F3B /* FeelingTypeEnum.swift in Sources */,
				D2133E40276F6AD5001E351C /* TimelineCell.swift in Sources */,
			);
			runOnlyForDeploymentPostprocessing = 0;
		};
		D231A1532742A635002A19B9 /* Sources */ = {
			isa = PBXSourcesBuildPhase;
			buildActionMask = 2147483647;
			files = (
				D231A15C2742A635002A19B9 /* FaceDiaryTests.swift in Sources */,
			);
			runOnlyForDeploymentPostprocessing = 0;
		};
		D231A15E2742A635002A19B9 /* Sources */ = {
			isa = PBXSourcesBuildPhase;
			buildActionMask = 2147483647;
			files = (
				D231A1672742A635002A19B9 /* FaceDiaryUITests.swift in Sources */,
			);
			runOnlyForDeploymentPostprocessing = 0;
		};
/* End PBXSourcesBuildPhase section */

/* Begin PBXTargetDependency section */
		D231A1592742A635002A19B9 /* PBXTargetDependency */ = {
			isa = PBXTargetDependency;
			target = D231A1402742A630002A19B9 /* FaceDiary */;
			targetProxy = D231A1582742A635002A19B9 /* PBXContainerItemProxy */;
		};
		D231A1642742A635002A19B9 /* PBXTargetDependency */ = {
			isa = PBXTargetDependency;
			target = D231A1402742A630002A19B9 /* FaceDiary */;
			targetProxy = D231A1632742A635002A19B9 /* PBXContainerItemProxy */;
		};
/* End PBXTargetDependency section */

/* Begin XCBuildConfiguration section */
		D231A1692742A635002A19B9 /* Debug */ = {
			isa = XCBuildConfiguration;
			buildSettings = {
				ALWAYS_SEARCH_USER_PATHS = NO;
				CLANG_ANALYZER_NONNULL = YES;
				CLANG_ANALYZER_NUMBER_OBJECT_CONVERSION = YES_AGGRESSIVE;
				CLANG_CXX_LANGUAGE_STANDARD = "gnu++14";
				CLANG_CXX_LIBRARY = "libc++";
				CLANG_ENABLE_MODULES = YES;
				CLANG_ENABLE_OBJC_ARC = YES;
				CLANG_ENABLE_OBJC_WEAK = YES;
				CLANG_WARN_BLOCK_CAPTURE_AUTORELEASING = YES;
				CLANG_WARN_BOOL_CONVERSION = YES;
				CLANG_WARN_COMMA = YES;
				CLANG_WARN_CONSTANT_CONVERSION = YES;
				CLANG_WARN_DEPRECATED_OBJC_IMPLEMENTATIONS = YES;
				CLANG_WARN_DIRECT_OBJC_ISA_USAGE = YES_ERROR;
				CLANG_WARN_DOCUMENTATION_COMMENTS = YES;
				CLANG_WARN_EMPTY_BODY = YES;
				CLANG_WARN_ENUM_CONVERSION = YES;
				CLANG_WARN_INFINITE_RECURSION = YES;
				CLANG_WARN_INT_CONVERSION = YES;
				CLANG_WARN_NON_LITERAL_NULL_CONVERSION = YES;
				CLANG_WARN_OBJC_IMPLICIT_RETAIN_SELF = YES;
				CLANG_WARN_OBJC_LITERAL_CONVERSION = YES;
				CLANG_WARN_OBJC_ROOT_CLASS = YES_ERROR;
				CLANG_WARN_QUOTED_INCLUDE_IN_FRAMEWORK_HEADER = YES;
				CLANG_WARN_RANGE_LOOP_ANALYSIS = YES;
				CLANG_WARN_STRICT_PROTOTYPES = YES;
				CLANG_WARN_SUSPICIOUS_MOVE = YES;
				CLANG_WARN_UNGUARDED_AVAILABILITY = YES_AGGRESSIVE;
				CLANG_WARN_UNREACHABLE_CODE = YES;
				CLANG_WARN__DUPLICATE_METHOD_MATCH = YES;
				COPY_PHASE_STRIP = NO;
				DEBUG_INFORMATION_FORMAT = dwarf;
				ENABLE_STRICT_OBJC_MSGSEND = YES;
				ENABLE_TESTABILITY = YES;
				GCC_C_LANGUAGE_STANDARD = gnu11;
				GCC_DYNAMIC_NO_PIC = NO;
				GCC_NO_COMMON_BLOCKS = YES;
				GCC_OPTIMIZATION_LEVEL = 0;
				GCC_PREPROCESSOR_DEFINITIONS = (
					"DEBUG=1",
					"$(inherited)",
				);
				GCC_WARN_64_TO_32_BIT_CONVERSION = YES;
				GCC_WARN_ABOUT_RETURN_TYPE = YES_ERROR;
				GCC_WARN_UNDECLARED_SELECTOR = YES;
				GCC_WARN_UNINITIALIZED_AUTOS = YES_AGGRESSIVE;
				GCC_WARN_UNUSED_FUNCTION = YES;
				GCC_WARN_UNUSED_VARIABLE = YES;
				IPHONEOS_DEPLOYMENT_TARGET = 14.4;
				MTL_ENABLE_DEBUG_INFO = INCLUDE_SOURCE;
				MTL_FAST_MATH = YES;
				ONLY_ACTIVE_ARCH = YES;
				SDKROOT = iphoneos;
				SWIFT_ACTIVE_COMPILATION_CONDITIONS = DEBUG;
				SWIFT_OPTIMIZATION_LEVEL = "-Onone";
			};
			name = Debug;
		};
		D231A16A2742A635002A19B9 /* Release */ = {
			isa = XCBuildConfiguration;
			buildSettings = {
				ALWAYS_SEARCH_USER_PATHS = NO;
				CLANG_ANALYZER_NONNULL = YES;
				CLANG_ANALYZER_NUMBER_OBJECT_CONVERSION = YES_AGGRESSIVE;
				CLANG_CXX_LANGUAGE_STANDARD = "gnu++14";
				CLANG_CXX_LIBRARY = "libc++";
				CLANG_ENABLE_MODULES = YES;
				CLANG_ENABLE_OBJC_ARC = YES;
				CLANG_ENABLE_OBJC_WEAK = YES;
				CLANG_WARN_BLOCK_CAPTURE_AUTORELEASING = YES;
				CLANG_WARN_BOOL_CONVERSION = YES;
				CLANG_WARN_COMMA = YES;
				CLANG_WARN_CONSTANT_CONVERSION = YES;
				CLANG_WARN_DEPRECATED_OBJC_IMPLEMENTATIONS = YES;
				CLANG_WARN_DIRECT_OBJC_ISA_USAGE = YES_ERROR;
				CLANG_WARN_DOCUMENTATION_COMMENTS = YES;
				CLANG_WARN_EMPTY_BODY = YES;
				CLANG_WARN_ENUM_CONVERSION = YES;
				CLANG_WARN_INFINITE_RECURSION = YES;
				CLANG_WARN_INT_CONVERSION = YES;
				CLANG_WARN_NON_LITERAL_NULL_CONVERSION = YES;
				CLANG_WARN_OBJC_IMPLICIT_RETAIN_SELF = YES;
				CLANG_WARN_OBJC_LITERAL_CONVERSION = YES;
				CLANG_WARN_OBJC_ROOT_CLASS = YES_ERROR;
				CLANG_WARN_QUOTED_INCLUDE_IN_FRAMEWORK_HEADER = YES;
				CLANG_WARN_RANGE_LOOP_ANALYSIS = YES;
				CLANG_WARN_STRICT_PROTOTYPES = YES;
				CLANG_WARN_SUSPICIOUS_MOVE = YES;
				CLANG_WARN_UNGUARDED_AVAILABILITY = YES_AGGRESSIVE;
				CLANG_WARN_UNREACHABLE_CODE = YES;
				CLANG_WARN__DUPLICATE_METHOD_MATCH = YES;
				COPY_PHASE_STRIP = NO;
				DEBUG_INFORMATION_FORMAT = "dwarf-with-dsym";
				ENABLE_NS_ASSERTIONS = NO;
				ENABLE_STRICT_OBJC_MSGSEND = YES;
				GCC_C_LANGUAGE_STANDARD = gnu11;
				GCC_NO_COMMON_BLOCKS = YES;
				GCC_WARN_64_TO_32_BIT_CONVERSION = YES;
				GCC_WARN_ABOUT_RETURN_TYPE = YES_ERROR;
				GCC_WARN_UNDECLARED_SELECTOR = YES;
				GCC_WARN_UNINITIALIZED_AUTOS = YES_AGGRESSIVE;
				GCC_WARN_UNUSED_FUNCTION = YES;
				GCC_WARN_UNUSED_VARIABLE = YES;
				IPHONEOS_DEPLOYMENT_TARGET = 14.4;
				MTL_ENABLE_DEBUG_INFO = NO;
				MTL_FAST_MATH = YES;
				SDKROOT = iphoneos;
				SWIFT_COMPILATION_MODE = wholemodule;
				SWIFT_OPTIMIZATION_LEVEL = "-O";
				VALIDATE_PRODUCT = YES;
			};
			name = Release;
		};
		D231A16C2742A635002A19B9 /* Debug */ = {
			isa = XCBuildConfiguration;
			baseConfigurationReference = 5A191257F03F82EC801ED496 /* Pods-FaceDiary.debug.xcconfig */;
			buildSettings = {
				ASSETCATALOG_COMPILER_APPICON_NAME = AppIcon;
				ASSETCATALOG_COMPILER_GLOBAL_ACCENT_COLOR_NAME = AccentColor;
				CODE_SIGN_IDENTITY = "iPhone Developer";
				CODE_SIGN_STYLE = Manual;
				DEVELOPMENT_TEAM = Y4855DD8SB;
				INFOPLIST_FILE = FaceDiary/Info.plist;
				IPHONEOS_DEPLOYMENT_TARGET = 13.0;
				LD_RUNPATH_SEARCH_PATHS = (
					"$(inherited)",
					"@executable_path/Frameworks",
				);
				PRODUCT_BUNDLE_IDENTIFIER = com.matsuuura.FaceDiaryApp;
				PRODUCT_NAME = "$(TARGET_NAME)";
				PROVISIONING_PROFILE_SPECIFIER = FaceDiary;
				SWIFT_VERSION = 5.0;
				TARGETED_DEVICE_FAMILY = 1;
			};
			name = Debug;
		};
		D231A16D2742A635002A19B9 /* Release */ = {
			isa = XCBuildConfiguration;
			baseConfigurationReference = 0083152267135ED3A4A687CF /* Pods-FaceDiary.release.xcconfig */;
			buildSettings = {
				ASSETCATALOG_COMPILER_APPICON_NAME = AppIcon;
				ASSETCATALOG_COMPILER_GLOBAL_ACCENT_COLOR_NAME = AccentColor;
				CODE_SIGN_IDENTITY = "iPhone Developer";
				CODE_SIGN_STYLE = Manual;
				DEVELOPMENT_TEAM = Y4855DD8SB;
				INFOPLIST_FILE = FaceDiary/Info.plist;
				IPHONEOS_DEPLOYMENT_TARGET = 13.0;
				LD_RUNPATH_SEARCH_PATHS = (
					"$(inherited)",
					"@executable_path/Frameworks",
				);
				PRODUCT_BUNDLE_IDENTIFIER = com.matsuuura.FaceDiaryApp;
				PRODUCT_NAME = "$(TARGET_NAME)";
				PROVISIONING_PROFILE_SPECIFIER = FaceDiary;
				SWIFT_VERSION = 5.0;
				TARGETED_DEVICE_FAMILY = 1;
			};
			name = Release;
		};
		D231A16F2742A635002A19B9 /* Debug */ = {
			isa = XCBuildConfiguration;
			baseConfigurationReference = E270BDB5985C0C6FA44F5183 /* Pods-FaceDiaryTests.debug.xcconfig */;
			buildSettings = {
				ALWAYS_EMBED_SWIFT_STANDARD_LIBRARIES = YES;
				BUNDLE_LOADER = "$(TEST_HOST)";
				CODE_SIGN_STYLE = Automatic;
				DEVELOPMENT_TEAM = Y4855DD8SB;
				INFOPLIST_FILE = FaceDiaryTests/Info.plist;
				IPHONEOS_DEPLOYMENT_TARGET = 14.4;
				LD_RUNPATH_SEARCH_PATHS = (
					"$(inherited)",
					"@executable_path/Frameworks",
					"@loader_path/Frameworks",
				);
				PRODUCT_BUNDLE_IDENTIFIER = com.matsuuura.FaceDiaryTests;
				PRODUCT_NAME = "$(TARGET_NAME)";
				SWIFT_VERSION = 5.0;
				TARGETED_DEVICE_FAMILY = "1,2";
				TEST_HOST = "$(BUILT_PRODUCTS_DIR)/FaceDiary.app/FaceDiary";
			};
			name = Debug;
		};
		D231A1702742A635002A19B9 /* Release */ = {
			isa = XCBuildConfiguration;
			baseConfigurationReference = 68E0A402C6CCF004CCE0994C /* Pods-FaceDiaryTests.release.xcconfig */;
			buildSettings = {
				ALWAYS_EMBED_SWIFT_STANDARD_LIBRARIES = YES;
				BUNDLE_LOADER = "$(TEST_HOST)";
				CODE_SIGN_STYLE = Automatic;
				DEVELOPMENT_TEAM = Y4855DD8SB;
				INFOPLIST_FILE = FaceDiaryTests/Info.plist;
				IPHONEOS_DEPLOYMENT_TARGET = 14.4;
				LD_RUNPATH_SEARCH_PATHS = (
					"$(inherited)",
					"@executable_path/Frameworks",
					"@loader_path/Frameworks",
				);
				PRODUCT_BUNDLE_IDENTIFIER = com.matsuuura.FaceDiaryTests;
				PRODUCT_NAME = "$(TARGET_NAME)";
				SWIFT_VERSION = 5.0;
				TARGETED_DEVICE_FAMILY = "1,2";
				TEST_HOST = "$(BUILT_PRODUCTS_DIR)/FaceDiary.app/FaceDiary";
			};
			name = Release;
		};
		D231A1722742A635002A19B9 /* Debug */ = {
			isa = XCBuildConfiguration;
			baseConfigurationReference = 7EF0AE521C732B6C0DE7A340 /* Pods-FaceDiary-FaceDiaryUITests.debug.xcconfig */;
			buildSettings = {
				ALWAYS_EMBED_SWIFT_STANDARD_LIBRARIES = YES;
				CODE_SIGN_STYLE = Automatic;
				DEVELOPMENT_TEAM = Y4855DD8SB;
				INFOPLIST_FILE = FaceDiaryUITests/Info.plist;
				LD_RUNPATH_SEARCH_PATHS = (
					"$(inherited)",
					"@executable_path/Frameworks",
					"@loader_path/Frameworks",
				);
				PRODUCT_BUNDLE_IDENTIFIER = com.matsuuura.FaceDiaryUITests;
				PRODUCT_NAME = "$(TARGET_NAME)";
				SWIFT_VERSION = 5.0;
				TARGETED_DEVICE_FAMILY = "1,2";
				TEST_TARGET_NAME = FaceDiary;
			};
			name = Debug;
		};
		D231A1732742A635002A19B9 /* Release */ = {
			isa = XCBuildConfiguration;
			baseConfigurationReference = 4429224EC93E800E087E5113 /* Pods-FaceDiary-FaceDiaryUITests.release.xcconfig */;
			buildSettings = {
				ALWAYS_EMBED_SWIFT_STANDARD_LIBRARIES = YES;
				CODE_SIGN_STYLE = Automatic;
				DEVELOPMENT_TEAM = Y4855DD8SB;
				INFOPLIST_FILE = FaceDiaryUITests/Info.plist;
				LD_RUNPATH_SEARCH_PATHS = (
					"$(inherited)",
					"@executable_path/Frameworks",
					"@loader_path/Frameworks",
				);
				PRODUCT_BUNDLE_IDENTIFIER = com.matsuuura.FaceDiaryUITests;
				PRODUCT_NAME = "$(TARGET_NAME)";
				SWIFT_VERSION = 5.0;
				TARGETED_DEVICE_FAMILY = "1,2";
				TEST_TARGET_NAME = FaceDiary;
			};
			name = Release;
		};
/* End XCBuildConfiguration section */

/* Begin XCConfigurationList section */
		D231A13C2742A630002A19B9 /* Build configuration list for PBXProject "FaceDiary" */ = {
			isa = XCConfigurationList;
			buildConfigurations = (
				D231A1692742A635002A19B9 /* Debug */,
				D231A16A2742A635002A19B9 /* Release */,
			);
			defaultConfigurationIsVisible = 0;
			defaultConfigurationName = Release;
		};
		D231A16B2742A635002A19B9 /* Build configuration list for PBXNativeTarget "FaceDiary" */ = {
			isa = XCConfigurationList;
			buildConfigurations = (
				D231A16C2742A635002A19B9 /* Debug */,
				D231A16D2742A635002A19B9 /* Release */,
			);
			defaultConfigurationIsVisible = 0;
			defaultConfigurationName = Release;
		};
		D231A16E2742A635002A19B9 /* Build configuration list for PBXNativeTarget "FaceDiaryTests" */ = {
			isa = XCConfigurationList;
			buildConfigurations = (
				D231A16F2742A635002A19B9 /* Debug */,
				D231A1702742A635002A19B9 /* Release */,
			);
			defaultConfigurationIsVisible = 0;
			defaultConfigurationName = Release;
		};
		D231A1712742A635002A19B9 /* Build configuration list for PBXNativeTarget "FaceDiaryUITests" */ = {
			isa = XCConfigurationList;
			buildConfigurations = (
				D231A1722742A635002A19B9 /* Debug */,
				D231A1732742A635002A19B9 /* Release */,
			);
			defaultConfigurationIsVisible = 0;
			defaultConfigurationName = Release;
		};
/* End XCConfigurationList section */
	};
	rootObject = D231A1392742A630002A19B9 /* Project object */;
}
